
Microsoft Visual Studio Solution File, Format Version 12.00
# Visual Studio 15
VisualStudioVersion = 15.0.28307.421
MinimumVisualStudioVersion = 10.0.40219.1
Project("{FAE04EC0-301F-11D3-BF4B-00C04F79EFBC}") = "NSTEPS", "NSTEPS\NSTEPS.csproj", "{BF27B36F-876D-4E8D-8CFD-8ABFA57A8F96}"
EndProject
Global
	GlobalSection(SolutionConfigurationPlatforms) = preSolution
		Debug|Any CPU = Debug|Any CPU
		Release|Any CPU = Release|Any CPU
	EndGlobalSection
	GlobalSection(ProjectConfigurationPlatforms) = postSolution
		{BF27B36F-876D-4E8D-8CFD-8ABFA57A8F96}.Debug|Any CPU.ActiveCfg = Debug|Any CPU
		{BF27B36F-876D-4E8D-8CFD-8ABFA57A8F96}.Debug|Any CPU.Build.0 = Debug|Any CPU
		{BF27B36F-876D-4E8D-8CFD-8ABFA57A8F96}.Release|Any CPU.ActiveCfg = Release|Any CPU
		{BF27B36F-876D-4E8D-8CFD-8ABFA57A8F96}.Release|Any CPU.Build.0 = Release|Any CPU
	EndGlobalSection
	GlobalSection(SolutionProperties) = preSolution
		HideSolutionNode = FALSE
	EndGlobalSection
	GlobalSection(ExtensibilityGlobals) = postSolution
		SolutionGuid = {A3ED0355-F2CE-42B0-BDB1-94E0C254ECA5}
	EndGlobalSection
EndGlobal
