
Microsoft Visual Studio Solution File, Format Version 12.00
# Visual Studio 15
VisualStudioVersion = 15.0.28307.421
MinimumVisualStudioVersion = 10.0.40219.1
Project("{FAE04EC0-301F-11D3-BF4B-00C04F79EFBC}") = "FCTRL2", "FCTRL2\FCTRL2.csproj", "{55C12045-9879-4C0C-ADE8-DBA0F2230472}"
EndProject
Global
	GlobalSection(SolutionConfigurationPlatforms) = preSolution
		Debug|Any CPU = Debug|Any CPU
		Release|Any CPU = Release|Any CPU
	EndGlobalSection
	GlobalSection(ProjectConfigurationPlatforms) = postSolution
		{55C12045-9879-4C0C-ADE8-DBA0F2230472}.Debug|Any CPU.ActiveCfg = Debug|Any CPU
		{55C12045-9879-4C0C-ADE8-DBA0F2230472}.Debug|Any CPU.Build.0 = Debug|Any CPU
		{55C12045-9879-4C0C-ADE8-DBA0F2230472}.Release|Any CPU.ActiveCfg = Release|Any CPU
		{55C12045-9879-4C0C-ADE8-DBA0F2230472}.Release|Any CPU.Build.0 = Release|Any CPU
	EndGlobalSection
	GlobalSection(SolutionProperties) = preSolution
		HideSolutionNode = FALSE
	EndGlobalSection
	GlobalSection(ExtensibilityGlobals) = postSolution
		SolutionGuid = {6878CF81-E3CA-44FC-89B7-22289BE3B058}
	EndGlobalSection
EndGlobal
